# This file is autogenerated, do not edit; changes may be undone by the next 'dep ensure'.


[[projects]]
  name = "github.com/dgrijalva/jwt-go"
  packages = ["."]
  revision = "06ea1031745cb8b3dab3f6a236daf2b0aa468b7e"
  version = "v3.2.0"

[[projects]]
  name = "github.com/gorilla/securecookie"
  packages = ["."]
  revision = "e59506cc896acb7f7bf732d4fdf5e25f7ccd8983"
  version = "v1.1.1"

[[projects]]
  name = "github.com/kr/pretty"
  packages = ["."]
  revision = "73f6ac0b30a98e433b289500d779f50c1a6f0712"
  version = "v0.1.0"

[[projects]]
  name = "github.com/kr/text"
  packages = ["."]
  revision = "e2ffdb16a802fe2bb95e2e35ff34f0e53aeef34f"
  version = "v0.1.0"

[[projects]]
  name = "github.com/mattn/go-sqlite3"
  packages = ["."]
  revision = "6c771bb9887719704b210e87e934f08be014bdb1"
  version = "v1.6.0"

[[projects]]
  branch = "master"
  name = "github.com/miekg/pkcs11"
  packages = ["."]
  revision = "287d9350987cc9334667882061e202e96cdfb4d0"

[[projects]]
  name = "github.com/pelletier/go-toml"
  packages = ["."]
  revision = "acdc4509485b587f5e675510c4f2c63e90ff68a8"
  version = "v1.1.0"

[[projects]]
  name = "github.com/pkg/errors"
  packages = ["."]
  revision = "645ef00459ed84a119197bfb8d8205042c6df63d"
  version = "v0.8.0"

[[projects]]
  branch = "master"
  name = "github.com/wayf-dk/go-libxml2"
  packages = [
    ".",
    "clib",
    "dom",
    "internal/debug",
    "parser",
    "types",
    "xpath",
    "xsd"
  ]
  revision = "0fcf7663d90c85d2c574295330542a1a3c4289e9"

[[projects]]
  branch = "master"
  name = "github.com/wayf-dk/godiscoveryservice"
  packages = ["."]
  revision = "628e0a65beaa518caebdfc2dbe317b76b4342c7a"

[[projects]]
  branch = "master"
  name = "github.com/wayf-dk/goeleven"
  packages = ["src/goeleven"]
  revision = "ed163007db70c001e5fa82dc073254a3317cb811"

[[projects]]
  branch = "master"
  name = "github.com/wayf-dk/gosaml"
  packages = ["."]
  revision = "e035cb2cbaff4fc141237a61ed65f7c11e1e0306"

[[projects]]
  branch = "master"
  name = "github.com/wayf-dk/goxml"
  packages = ["."]
  revision = "80d5023ba794f992f79abf929ad0ba4f076ee99d"

[[projects]]
  branch = "master"
  name = "github.com/wayf-dk/lMDQ"
  packages = ["."]
  revision = "955cb5e1854c27f40ca1f3652a796d1a49385be1"

[[projects]]
  branch = "master"
  name = "github.com/wayf-dk/wayfhybrid"
  packages = ["."]
  revision = "e1ea635c1c3152b4b9e0e82c6c182ee9480753dd"

[[projects]]
  name = "github.com/y0ssar1an/q"
  packages = ["."]
  revision = "a594777528d69da7978e1e90b205d6cdd7dda29f"
  version = "1.0.3"

[solve-meta]
  analyzer-name = "dep"
  analyzer-version = 1
  inputs-digest = "8f42ed3d976e75fc07f5331557b146217e036f5d3fc8176a1822d57db42202d6"
  solver-name = "gps-cdcl"
  solver-version = 1
