# This file is autogenerated, do not edit; changes may be undone by the next 'dep ensure'.


[[projects]]
  name = "github.com/dgrijalva/jwt-go"
  packages = ["."]
  revision = "06ea1031745cb8b3dab3f6a236daf2b0aa468b7e"
  version = "v3.2.0"

[[projects]]
  name = "github.com/gorilla/securecookie"
  packages = ["."]
  revision = "e59506cc896acb7f7bf732d4fdf5e25f7ccd8983"
  version = "v1.1.1"

[[projects]]
  name = "github.com/kr/pretty"
  packages = ["."]
  revision = "73f6ac0b30a98e433b289500d779f50c1a6f0712"
  version = "v0.1.0"

[[projects]]
  name = "github.com/kr/text"
  packages = ["."]
  revision = "e2ffdb16a802fe2bb95e2e35ff34f0e53aeef34f"
  version = "v0.1.0"

[[projects]]
  name = "github.com/pelletier/go-toml"
  packages = ["."]
  revision = "acdc4509485b587f5e675510c4f2c63e90ff68a8"
  version = "v1.1.0"

[[projects]]
  name = "github.com/pkg/errors"
  packages = ["."]
  revision = "645ef00459ed84a119197bfb8d8205042c6df63d"
  version = "v0.8.0"

[[projects]]
  branch = "master"
  name = "github.com/wayf-dk/go-libxml2"
  packages = [
    "clib",
    "internal/debug",
    "types"
  ]
  revision = "0fcf7663d90c85d2c574295330542a1a3c4289e9"

[[projects]]
  branch = "master"
  name = "github.com/wayf-dk/wayfhybrid"
  packages = ["."]
  revision = "246054fffa68ec917405f2275d89a675587dd61f"

[[projects]]
  name = "github.com/y0ssar1an/q"
  packages = ["."]
  revision = "a594777528d69da7978e1e90b205d6cdd7dda29f"
  version = "1.0.3"

[solve-meta]
  analyzer-name = "dep"
  analyzer-version = 1
  inputs-digest = "6d1a4a6ed2103bc9eb5c09ccf5dc8b37fcea5be384a3d1d97e73a79fc745c48e"
  solver-name = "gps-cdcl"
  solver-version = 1
